
Microsoft Visual Studio Solution File, Format Version 12.00
# Visual Studio 15
VisualStudioVersion = 15.0.27130.2036
MinimumVisualStudioVersion = 10.0.40219.1
Project("{FAE04EC0-301F-11D3-BF4B-00C04F79EFBC}") = "EquationGeneratorService", "EquationGeneratorService\EquationGeneratorService.csproj", "{D4AB1024-0322-4B50-873F-9A1A1F93B433}"
EndProject
Project("{FAE04EC0-301F-11D3-BF4B-00C04F79EFBC}") = "MathTutorJSON", "MathTutorJSON\MathTutorJSON.csproj", "{364093E6-0C8F-4B82-B751-CFA424A9235B}"
EndProject
Global
	GlobalSection(SolutionConfigurationPlatforms) = preSolution
		Debug|Any CPU = Debug|Any CPU
		Release|Any CPU = Release|Any CPU
	EndGlobalSection
	GlobalSection(ProjectConfigurationPlatforms) = postSolution
		{D4AB1024-0322-4B50-873F-9A1A1F93B433}.Debug|Any CPU.ActiveCfg = Debug|Any CPU
		{D4AB1024-0322-4B50-873F-9A1A1F93B433}.Debug|Any CPU.Build.0 = Debug|Any CPU
		{D4AB1024-0322-4B50-873F-9A1A1F93B433}.Release|Any CPU.ActiveCfg = Release|Any CPU
		{D4AB1024-0322-4B50-873F-9A1A1F93B433}.Release|Any CPU.Build.0 = Release|Any CPU
		{364093E6-0C8F-4B82-B751-CFA424A9235B}.Debug|Any CPU.ActiveCfg = Debug|Any CPU
		{364093E6-0C8F-4B82-B751-CFA424A9235B}.Debug|Any CPU.Build.0 = Debug|Any CPU
		{364093E6-0C8F-4B82-B751-CFA424A9235B}.Release|Any CPU.ActiveCfg = Release|Any CPU
		{364093E6-0C8F-4B82-B751-CFA424A9235B}.Release|Any CPU.Build.0 = Release|Any CPU
	EndGlobalSection
	GlobalSection(SolutionProperties) = preSolution
		HideSolutionNode = FALSE
	EndGlobalSection
	GlobalSection(ExtensibilityGlobals) = postSolution
		SolutionGuid = {3A2953B7-09F0-4821-8527-92C591F83A37}
	EndGlobalSection
EndGlobal
